// !$*UTF8*$!
{
	archiveVersion = 1;
	classes = {
	};
	objectVersion = 50;
	objects = {

/* Begin PBXBuildFile section */
		ED16357C2252CBFB00A47289 /* test1.png in Resources */ = {isa = PBXBuildFile; fileRef = ED16357B2252CBFB00A47289 /* test1.png */; };
		ED262FCC22517C3600B1FD8F /* HomeViewControllerTest.swift in Sources */ = {isa = PBXBuildFile; fileRef = ED262FCB22517C3600B1FD8F /* HomeViewControllerTest.swift */; };
		ED262FCE22517C8000B1FD8F /* ContentCollectionViewCellTest.swift in Sources */ = {isa = PBXBuildFile; fileRef = ED262FCD22517C8000B1FD8F /* ContentCollectionViewCellTest.swift */; };
		ED262FE922517CE000B1FD8F /* DownloadImageServiceMock.swift in Sources */ = {isa = PBXBuildFile; fileRef = ED262FD322517CDF00B1FD8F /* DownloadImageServiceMock.swift */; };
		ED262FEA22517CE000B1FD8F /* HomeViewModelMock.swift in Sources */ = {isa = PBXBuildFile; fileRef = ED262FD422517CDF00B1FD8F /* HomeViewModelMock.swift */; };
		ED262FF022517CE000B1FD8F /* ContentServiceApiMock.swift in Sources */ = {isa = PBXBuildFile; fileRef = ED262FDA22517CE000B1FD8F /* ContentServiceApiMock.swift */; };
		ED262FF122517CE000B1FD8F /* RequestServiceMock.swift in Sources */ = {isa = PBXBuildFile; fileRef = ED262FDB22517CE000B1FD8F /* RequestServiceMock.swift */; };
		ED262FF322517CE000B1FD8F /* UICollectionViewMock.swift in Sources */ = {isa = PBXBuildFile; fileRef = ED262FDD22517CE000B1FD8F /* UICollectionViewMock.swift */; };
		ED262FF522517CE000B1FD8F /* URLSessionMock.swift in Sources */ = {isa = PBXBuildFile; fileRef = ED262FDF22517CE000B1FD8F /* URLSessionMock.swift */; };
		ED262FF622517CE000B1FD8F /* MappableObjectBMock.swift in Sources */ = {isa = PBXBuildFile; fileRef = ED262FE022517CE000B1FD8F /* MappableObjectBMock.swift */; };
		ED262FF822517CE000B1FD8F /* ContentCollectionViewCellViewModelMock.swift in Sources */ = {isa = PBXBuildFile; fileRef = ED262FE222517CE000B1FD8F /* ContentCollectionViewCellViewModelMock.swift */; };
		ED262FF922517CE000B1FD8F /* MappableObjectAMock.swift in Sources */ = {isa = PBXBuildFile; fileRef = ED262FE322517CE000B1FD8F /* MappableObjectAMock.swift */; };
		ED262FFD22517D7800B1FD8F /* DateTest.swift in Sources */ = {isa = PBXBuildFile; fileRef = ED262FFC22517D7800B1FD8F /* DateTest.swift */; };
		ED26300022517DA900B1FD8F /* MappingTest.swift in Sources */ = {isa = PBXBuildFile; fileRef = ED262FFF22517DA900B1FD8F /* MappingTest.swift */; };
		ED26300922517DD600B1FD8F /* DownloadImageServiceTest.swift in Sources */ = {isa = PBXBuildFile; fileRef = ED26300322517DD600B1FD8F /* DownloadImageServiceTest.swift */; };
		ED26300A22517DD600B1FD8F /* ContentServiceApiTest.swift in Sources */ = {isa = PBXBuildFile; fileRef = ED26300422517DD600B1FD8F /* ContentServiceApiTest.swift */; };
		ED26300B22517DD600B1FD8F /* RequestServiceTest.swift in Sources */ = {isa = PBXBuildFile; fileRef = ED26300522517DD600B1FD8F /* RequestServiceTest.swift */; };
		ED26300C22517DD600B1FD8F /* APIErrorTest.swift in Sources */ = {isa = PBXBuildFile; fileRef = ED26300622517DD600B1FD8F /* APIErrorTest.swift */; };
		ED26300D22517DD600B1FD8F /* APITest.swift in Sources */ = {isa = PBXBuildFile; fileRef = ED26300722517DD600B1FD8F /* APITest.swift */; };
		ED26301422517EBA00B1FD8F /* ContentTest.swift in Sources */ = {isa = PBXBuildFile; fileRef = ED26300F22517EBA00B1FD8F /* ContentTest.swift */; };
		ED26301522517EBA00B1FD8F /* ContentResponseTest.swift in Sources */ = {isa = PBXBuildFile; fileRef = ED26301022517EBA00B1FD8F /* ContentResponseTest.swift */; };
		ED26301622517EBA00B1FD8F /* MediaTest.swift in Sources */ = {isa = PBXBuildFile; fileRef = ED26301122517EBA00B1FD8F /* MediaTest.swift */; };
		ED26301A22517F6700B1FD8F /* HomeViewModelTest.swift in Sources */ = {isa = PBXBuildFile; fileRef = ED26301822517F6700B1FD8F /* HomeViewModelTest.swift */; };
		ED26301B22517F6700B1FD8F /* ContentCollectionViewCellViewModelTest.swift in Sources */ = {isa = PBXBuildFile; fileRef = ED26301922517F6700B1FD8F /* ContentCollectionViewCellViewModelTest.swift */; };
		ED2630332251810500B1FD8F /* PDDFramework.h in Headers */ = {isa = PBXBuildFile; fileRef = ED2630232251810400B1FD8F /* PDDFramework.h */; settings = {ATTRIBUTES = (Public, ); }; };
		ED2630362251810500B1FD8F /* PDDFramework.framework in Frameworks */ = {isa = PBXBuildFile; fileRef = ED2630212251810400B1FD8F /* PDDFramework.framework */; };
		ED2630372251810500B1FD8F /* PDDFramework.framework in Embed Frameworks */ = {isa = PBXBuildFile; fileRef = ED2630212251810400B1FD8F /* PDDFramework.framework */; settings = {ATTRIBUTES = (CodeSignOnCopy, RemoveHeadersOnCopy, ); }; };
		ED26303F2251817200B1FD8F /* Home.storyboard in Resources */ = {isa = PBXBuildFile; fileRef = EDB5A4A82250C5D10057A088 /* Home.storyboard */; };
		ED2630402251817B00B1FD8F /* LaunchScreen.storyboard in Resources */ = {isa = PBXBuildFile; fileRef = EDB5A4AD2250C5D30057A088 /* LaunchScreen.storyboard */; };
		ED263042225182DC00B1FD8F /* HomeViewController.swift in Sources */ = {isa = PBXBuildFile; fileRef = EDB5A4A62250C5D10057A088 /* HomeViewController.swift */; };
		ED2630432251838C00B1FD8F /* ContentCollectionViewCell.swift in Sources */ = {isa = PBXBuildFile; fileRef = EDB5A4E522514B3B0057A088 /* ContentCollectionViewCell.swift */; };
		ED263045225183B300B1FD8F /* HomeViewModel.swift in Sources */ = {isa = PBXBuildFile; fileRef = EDB5A4E32250CD470057A088 /* HomeViewModel.swift */; };
		ED263046225183B700B1FD8F /* ContentCollectionViewCellViewModel.swift in Sources */ = {isa = PBXBuildFile; fileRef = EDB5A51422514F1B0057A088 /* ContentCollectionViewCellViewModel.swift */; };
		ED263047225183F100B1FD8F /* Media.swift in Sources */ = {isa = PBXBuildFile; fileRef = EDB5A516225159540057A088 /* Media.swift */; };
		ED263048225183F700B1FD8F /* MediaMetadata.swift in Sources */ = {isa = PBXBuildFile; fileRef = EDB5A51822515B960057A088 /* MediaMetadata.swift */; };
		ED263049225183FB00B1FD8F /* ResponseStatus.swift in Sources */ = {isa = PBXBuildFile; fileRef = EDB5A50722514EA40057A088 /* ResponseStatus.swift */; };
		ED26304A225183FE00B1FD8F /* ContentResponse.swift in Sources */ = {isa = PBXBuildFile; fileRef = EDB5A50322514EA40057A088 /* ContentResponse.swift */; };
		ED26304B2251840200B1FD8F /* Content.swift in Sources */ = {isa = PBXBuildFile; fileRef = EDB5A50422514EA40057A088 /* Content.swift */; };
		ED26304C2251842E00B1FD8F /* HomeViewModelFactory.swift in Sources */ = {isa = PBXBuildFile; fileRef = EDB5A4E02250CCF00057A088 /* HomeViewModelFactory.swift */; };
		ED26304D2251843500B1FD8F /* DateFormat.swift in Sources */ = {isa = PBXBuildFile; fileRef = EDB5A4FA22514DAB0057A088 /* DateFormat.swift */; };
		ED26304E2251843900B1FD8F /* Pageable.swift in Sources */ = {isa = PBXBuildFile; fileRef = EDB5A4F922514DAB0057A088 /* Pageable.swift */; };
		ED26304F2251843D00B1FD8F /* ImageLoadable.swift in Sources */ = {isa = PBXBuildFile; fileRef = EDB5A4E922514BC10057A088 /* ImageLoadable.swift */; };
		ED2630502251844100B1FD8F /* Mappable.swift in Sources */ = {isa = PBXBuildFile; fileRef = EDB5A50E22514EDA0057A088 /* Mappable.swift */; };
		ED2630512251844500B1FD8F /* Mapper.swift in Sources */ = {isa = PBXBuildFile; fileRef = EDB5A50F22514EDA0057A088 /* Mapper.swift */; };
		ED2630522251844800B1FD8F /* Mapping.swift in Sources */ = {isa = PBXBuildFile; fileRef = EDB5A51022514EDA0057A088 /* Mapping.swift */; };
		ED2630532251845700B1FD8F /* Date.swift in Sources */ = {isa = PBXBuildFile; fileRef = EDB5A4F322514D580057A088 /* Date.swift */; };
		ED2630542251845C00B1FD8F /* String.swift in Sources */ = {isa = PBXBuildFile; fileRef = EDB5A4F422514D580057A088 /* String.swift */; };
		ED2630552251846000B1FD8F /* UICollectionView.swift in Sources */ = {isa = PBXBuildFile; fileRef = EDB5A4F122514D580057A088 /* UICollectionView.swift */; };
		ED2630562251846500B1FD8F /* UIStoryboard.swift in Sources */ = {isa = PBXBuildFile; fileRef = EDB5A4F222514D580057A088 /* UIStoryboard.swift */; };
		ED2630572251846A00B1FD8F /* API.swift in Sources */ = {isa = PBXBuildFile; fileRef = EDB5A4ED22514C220057A088 /* API.swift */; };
		ED2630582251846D00B1FD8F /* APIError.swift in Sources */ = {isa = PBXBuildFile; fileRef = EDB5A4FD22514E160057A088 /* APIError.swift */; };
		ED2630592251847100B1FD8F /* ContentServiceApi.swift in Sources */ = {isa = PBXBuildFile; fileRef = EDB5A4FE22514E160057A088 /* ContentServiceApi.swift */; };
		ED26305A2251847400B1FD8F /* DownloadImageService.swift in Sources */ = {isa = PBXBuildFile; fileRef = EDB5A4FF22514E160057A088 /* DownloadImageService.swift */; };
		ED26305B2251847700B1FD8F /* RequestService.swift in Sources */ = {isa = PBXBuildFile; fileRef = EDB5A4EB22514BFE0057A088 /* RequestService.swift */; };
		ED26305C2251847D00B1FD8F /* Constant.swift in Sources */ = {isa = PBXBuildFile; fileRef = EDB5A4EF22514C540057A088 /* Constant.swift */; };
		ED26305D225184A800B1FD8F /* ArticleDetailViewController.swift in Sources */ = {isa = PBXBuildFile; fileRef = EDB5A51F22516EB40057A088 /* ArticleDetailViewController.swift */; };
		ED26305E2251882100B1FD8F /* AppDelegate.swift in Sources */ = {isa = PBXBuildFile; fileRef = EDB5A4A42250C5D10057A088 /* AppDelegate.swift */; };
		EDB5A4A52250C5D10057A088 /* AppDelegate.swift in Sources */ = {isa = PBXBuildFile; fileRef = EDB5A4A42250C5D10057A088 /* AppDelegate.swift */; };
		EDB5A4A72250C5D10057A088 /* HomeViewController.swift in Sources */ = {isa = PBXBuildFile; fileRef = EDB5A4A62250C5D10057A088 /* HomeViewController.swift */; };
		EDB5A4AA2250C5D10057A088 /* Home.storyboard in Resources */ = {isa = PBXBuildFile; fileRef = EDB5A4A82250C5D10057A088 /* Home.storyboard */; };
		EDB5A4AC2250C5D30057A088 /* Assets.xcassets in Resources */ = {isa = PBXBuildFile; fileRef = EDB5A4AB2250C5D30057A088 /* Assets.xcassets */; };
		EDB5A4AF2250C5D30057A088 /* LaunchScreen.storyboard in Resources */ = {isa = PBXBuildFile; fileRef = EDB5A4AD2250C5D30057A088 /* LaunchScreen.storyboard */; };
		EDB5A4E12250CCF00057A088 /* HomeViewModelFactory.swift in Sources */ = {isa = PBXBuildFile; fileRef = EDB5A4E02250CCF00057A088 /* HomeViewModelFactory.swift */; };
		EDB5A4E42250CD470057A088 /* HomeViewModel.swift in Sources */ = {isa = PBXBuildFile; fileRef = EDB5A4E32250CD470057A088 /* HomeViewModel.swift */; };
		EDB5A4E622514B3B0057A088 /* ContentCollectionViewCell.swift in Sources */ = {isa = PBXBuildFile; fileRef = EDB5A4E522514B3B0057A088 /* ContentCollectionViewCell.swift */; };
		EDB5A4EA22514BC10057A088 /* ImageLoadable.swift in Sources */ = {isa = PBXBuildFile; fileRef = EDB5A4E922514BC10057A088 /* ImageLoadable.swift */; };
		EDB5A4EC22514BFE0057A088 /* RequestService.swift in Sources */ = {isa = PBXBuildFile; fileRef = EDB5A4EB22514BFE0057A088 /* RequestService.swift */; };
		EDB5A4EE22514C220057A088 /* API.swift in Sources */ = {isa = PBXBuildFile; fileRef = EDB5A4ED22514C220057A088 /* API.swift */; };
		EDB5A4F022514C540057A088 /* Constant.swift in Sources */ = {isa = PBXBuildFile; fileRef = EDB5A4EF22514C540057A088 /* Constant.swift */; };
		EDB5A4F522514D580057A088 /* UICollectionView.swift in Sources */ = {isa = PBXBuildFile; fileRef = EDB5A4F122514D580057A088 /* UICollectionView.swift */; };
		EDB5A4F622514D580057A088 /* UIStoryboard.swift in Sources */ = {isa = PBXBuildFile; fileRef = EDB5A4F222514D580057A088 /* UIStoryboard.swift */; };
		EDB5A4F722514D580057A088 /* Date.swift in Sources */ = {isa = PBXBuildFile; fileRef = EDB5A4F322514D580057A088 /* Date.swift */; };
		EDB5A4F822514D580057A088 /* String.swift in Sources */ = {isa = PBXBuildFile; fileRef = EDB5A4F422514D580057A088 /* String.swift */; };
		EDB5A4FB22514DAB0057A088 /* Pageable.swift in Sources */ = {isa = PBXBuildFile; fileRef = EDB5A4F922514DAB0057A088 /* Pageable.swift */; };
		EDB5A4FC22514DAB0057A088 /* DateFormat.swift in Sources */ = {isa = PBXBuildFile; fileRef = EDB5A4FA22514DAB0057A088 /* DateFormat.swift */; };
		EDB5A50022514E160057A088 /* APIError.swift in Sources */ = {isa = PBXBuildFile; fileRef = EDB5A4FD22514E160057A088 /* APIError.swift */; };
		EDB5A50122514E160057A088 /* ContentServiceApi.swift in Sources */ = {isa = PBXBuildFile; fileRef = EDB5A4FE22514E160057A088 /* ContentServiceApi.swift */; };
		EDB5A50222514E160057A088 /* DownloadImageService.swift in Sources */ = {isa = PBXBuildFile; fileRef = EDB5A4FF22514E160057A088 /* DownloadImageService.swift */; };
		EDB5A50822514EA40057A088 /* ContentResponse.swift in Sources */ = {isa = PBXBuildFile; fileRef = EDB5A50322514EA40057A088 /* ContentResponse.swift */; };
		EDB5A50922514EA40057A088 /* Content.swift in Sources */ = {isa = PBXBuildFile; fileRef = EDB5A50422514EA40057A088 /* Content.swift */; };
		EDB5A50C22514EA40057A088 /* ResponseStatus.swift in Sources */ = {isa = PBXBuildFile; fileRef = EDB5A50722514EA40057A088 /* ResponseStatus.swift */; };
		EDB5A51122514EDA0057A088 /* Mappable.swift in Sources */ = {isa = PBXBuildFile; fileRef = EDB5A50E22514EDA0057A088 /* Mappable.swift */; };
		EDB5A51222514EDA0057A088 /* Mapper.swift in Sources */ = {isa = PBXBuildFile; fileRef = EDB5A50F22514EDA0057A088 /* Mapper.swift */; };
		EDB5A51322514EDA0057A088 /* Mapping.swift in Sources */ = {isa = PBXBuildFile; fileRef = EDB5A51022514EDA0057A088 /* Mapping.swift */; };
		EDB5A51522514F1B0057A088 /* ContentCollectionViewCellViewModel.swift in Sources */ = {isa = PBXBuildFile; fileRef = EDB5A51422514F1B0057A088 /* ContentCollectionViewCellViewModel.swift */; };
		EDB5A517225159540057A088 /* Media.swift in Sources */ = {isa = PBXBuildFile; fileRef = EDB5A516225159540057A088 /* Media.swift */; };
		EDB5A51922515B960057A088 /* MediaMetadata.swift in Sources */ = {isa = PBXBuildFile; fileRef = EDB5A51822515B960057A088 /* MediaMetadata.swift */; };
		EDB5A52022516EB40057A088 /* ArticleDetailViewController.swift in Sources */ = {isa = PBXBuildFile; fileRef = EDB5A51F22516EB40057A088 /* ArticleDetailViewController.swift */; };
		EDB5A52322517ACF0057A088 /* HomeViewControllerTest.swift in Sources */ = {isa = PBXBuildFile; fileRef = EDB5A52222517ACF0057A088 /* HomeViewControllerTest.swift */; };
		EDB5A52622517B470057A088 /* ArticlesViewControllerTest.swift in Sources */ = {isa = PBXBuildFile; fileRef = EDB5A52522517B470057A088 /* ArticlesViewControllerTest.swift */; };
		EDCE70822252AD5A000F7763 /* ContentCollectionViewCell.xib in Resources */ = {isa = PBXBuildFile; fileRef = EDCE70812252AD5A000F7763 /* ContentCollectionViewCell.xib */; };
		EDCE70832252AD5A000F7763 /* ContentCollectionViewCell.xib in Resources */ = {isa = PBXBuildFile; fileRef = EDCE70812252AD5A000F7763 /* ContentCollectionViewCell.xib */; };
/* End PBXBuildFile section */

/* Begin PBXContainerItemProxy section */
		ED2630342251810500B1FD8F /* PBXContainerItemProxy */ = {
			isa = PBXContainerItemProxy;
			containerPortal = EDB5A4992250C5D10057A088 /* Project object */;
			proxyType = 1;
			remoteGlobalIDString = ED2630202251810400B1FD8F;
			remoteInfo = PDDFramework;
		};
		EDB5A4B62250C5D30057A088 /* PBXContainerItemProxy */ = {
			isa = PBXContainerItemProxy;
			containerPortal = EDB5A4992250C5D10057A088 /* Project object */;
			proxyType = 1;
			remoteGlobalIDString = EDB5A4A02250C5D10057A088;
			remoteInfo = XebiaAssignment;
		};
		EDB5A4C12250C5D30057A088 /* PBXContainerItemProxy */ = {
			isa = PBXContainerItemProxy;
			containerPortal = EDB5A4992250C5D10057A088 /* Project object */;
			proxyType = 1;
			remoteGlobalIDString = EDB5A4A02250C5D10057A088;
			remoteInfo = XebiaAssignment;
		};
/* End PBXContainerItemProxy section */

/* Begin PBXCopyFilesBuildPhase section */
		ED26303B2251810500B1FD8F /* Embed Frameworks */ = {
			isa = PBXCopyFilesBuildPhase;
			buildActionMask = 2147483647;
			dstPath = "";
			dstSubfolderSpec = 10;
			files = (
				ED2630372251810500B1FD8F /* PDDFramework.framework in Embed Frameworks */,
			);
			name = "Embed Frameworks";
			runOnlyForDeploymentPostprocessing = 0;
		};
/* End PBXCopyFilesBuildPhase section */

/* Begin PBXFileReference section */
		ED16357B2252CBFB00A47289 /* test1.png */ = {isa = PBXFileReference; lastKnownFileType = image.png; path = test1.png; sourceTree = "<group>"; };
		ED262FCA22517C3500B1FD8F /* XebiaAssignmentTests-Bridging-Header.h */ = {isa = PBXFileReference; lastKnownFileType = sourcecode.c.h; path = "XebiaAssignmentTests-Bridging-Header.h"; sourceTree = "<group>"; };
		ED262FCB22517C3600B1FD8F /* HomeViewControllerTest.swift */ = {isa = PBXFileReference; lastKnownFileType = sourcecode.swift; path = HomeViewControllerTest.swift; sourceTree = "<group>"; };
		ED262FCD22517C8000B1FD8F /* ContentCollectionViewCellTest.swift */ = {isa = PBXFileReference; fileEncoding = 4; lastKnownFileType = sourcecode.swift; path = ContentCollectionViewCellTest.swift; sourceTree = "<group>"; };
		ED262FD322517CDF00B1FD8F /* DownloadImageServiceMock.swift */ = {isa = PBXFileReference; fileEncoding = 4; lastKnownFileType = sourcecode.swift; path = DownloadImageServiceMock.swift; sourceTree = "<group>"; };
		ED262FD422517CDF00B1FD8F /* HomeViewModelMock.swift */ = {isa = PBXFileReference; fileEncoding = 4; lastKnownFileType = sourcecode.swift; path = HomeViewModelMock.swift; sourceTree = "<group>"; };
		ED262FDA22517CE000B1FD8F /* ContentServiceApiMock.swift */ = {isa = PBXFileReference; fileEncoding = 4; lastKnownFileType = sourcecode.swift; path = ContentServiceApiMock.swift; sourceTree = "<group>"; };
		ED262FDB22517CE000B1FD8F /* RequestServiceMock.swift */ = {isa = PBXFileReference; fileEncoding = 4; lastKnownFileType = sourcecode.swift; path = RequestServiceMock.swift; sourceTree = "<group>"; };
		ED262FDD22517CE000B1FD8F /* UICollectionViewMock.swift */ = {isa = PBXFileReference; fileEncoding = 4; lastKnownFileType = sourcecode.swift; path = UICollectionViewMock.swift; sourceTree = "<group>"; };
		ED262FDF22517CE000B1FD8F /* URLSessionMock.swift */ = {isa = PBXFileReference; fileEncoding = 4; lastKnownFileType = sourcecode.swift; path = URLSessionMock.swift; sourceTree = "<group>"; };
		ED262FE022517CE000B1FD8F /* MappableObjectBMock.swift */ = {isa = PBXFileReference; fileEncoding = 4; lastKnownFileType = sourcecode.swift; path = MappableObjectBMock.swift; sourceTree = "<group>"; };
		ED262FE222517CE000B1FD8F /* ContentCollectionViewCellViewModelMock.swift */ = {isa = PBXFileReference; fileEncoding = 4; lastKnownFileType = sourcecode.swift; path = ContentCollectionViewCellViewModelMock.swift; sourceTree = "<group>"; };
		ED262FE322517CE000B1FD8F /* MappableObjectAMock.swift */ = {isa = PBXFileReference; fileEncoding = 4; lastKnownFileType = sourcecode.swift; path = MappableObjectAMock.swift; sourceTree = "<group>"; };
		ED262FFC22517D7800B1FD8F /* DateTest.swift */ = {isa = PBXFileReference; fileEncoding = 4; lastKnownFileType = sourcecode.swift; path = DateTest.swift; sourceTree = "<group>"; };
		ED262FFF22517DA900B1FD8F /* MappingTest.swift */ = {isa = PBXFileReference; fileEncoding = 4; lastKnownFileType = sourcecode.swift; path = MappingTest.swift; sourceTree = "<group>"; };
		ED26300322517DD600B1FD8F /* DownloadImageServiceTest.swift */ = {isa = PBXFileReference; fileEncoding = 4; lastKnownFileType = sourcecode.swift; path = DownloadImageServiceTest.swift; sourceTree = "<group>"; };
		ED26300422517DD600B1FD8F /* ContentServiceApiTest.swift */ = {isa = PBXFileReference; fileEncoding = 4; lastKnownFileType = sourcecode.swift; path = ContentServiceApiTest.swift; sourceTree = "<group>"; };
		ED26300522517DD600B1FD8F /* RequestServiceTest.swift */ = {isa = PBXFileReference; fileEncoding = 4; lastKnownFileType = sourcecode.swift; path = RequestServiceTest.swift; sourceTree = "<group>"; };
		ED26300622517DD600B1FD8F /* APIErrorTest.swift */ = {isa = PBXFileReference; fileEncoding = 4; lastKnownFileType = sourcecode.swift; path = APIErrorTest.swift; sourceTree = "<group>"; };
		ED26300722517DD600B1FD8F /* APITest.swift */ = {isa = PBXFileReference; fileEncoding = 4; lastKnownFileType = sourcecode.swift; path = APITest.swift; sourceTree = "<group>"; };
		ED26300F22517EBA00B1FD8F /* ContentTest.swift */ = {isa = PBXFileReference; fileEncoding = 4; lastKnownFileType = sourcecode.swift; path = ContentTest.swift; sourceTree = "<group>"; };
		ED26301022517EBA00B1FD8F /* ContentResponseTest.swift */ = {isa = PBXFileReference; fileEncoding = 4; lastKnownFileType = sourcecode.swift; path = ContentResponseTest.swift; sourceTree = "<group>"; };
		ED26301122517EBA00B1FD8F /* MediaTest.swift */ = {isa = PBXFileReference; fileEncoding = 4; lastKnownFileType = sourcecode.swift; path = MediaTest.swift; sourceTree = "<group>"; };
		ED26301822517F6700B1FD8F /* HomeViewModelTest.swift */ = {isa = PBXFileReference; fileEncoding = 4; lastKnownFileType = sourcecode.swift; path = HomeViewModelTest.swift; sourceTree = "<group>"; };
		ED26301922517F6700B1FD8F /* ContentCollectionViewCellViewModelTest.swift */ = {isa = PBXFileReference; fileEncoding = 4; lastKnownFileType = sourcecode.swift; path = ContentCollectionViewCellViewModelTest.swift; sourceTree = "<group>"; };
		ED2630212251810400B1FD8F /* PDDFramework.framework */ = {isa = PBXFileReference; explicitFileType = wrapper.framework; includeInIndex = 0; path = PDDFramework.framework; sourceTree = BUILT_PRODUCTS_DIR; };
		ED2630232251810400B1FD8F /* PDDFramework.h */ = {isa = PBXFileReference; lastKnownFileType = sourcecode.c.h; path = PDDFramework.h; sourceTree = "<group>"; };
		ED2630242251810400B1FD8F /* Info.plist */ = {isa = PBXFileReference; lastKnownFileType = text.plist.xml; path = Info.plist; sourceTree = "<group>"; };
		EDA60BA32251D31800391809 /* HomeView.playground */ = {isa = PBXFileReference; lastKnownFileType = file.playground; path = HomeView.playground; sourceTree = "<group>"; xcLanguageSpecificationIdentifier = xcode.lang.swift; };
		EDB5A4A12250C5D10057A088 /* XebiaAssignment.app */ = {isa = PBXFileReference; explicitFileType = wrapper.application; includeInIndex = 0; path = XebiaAssignment.app; sourceTree = BUILT_PRODUCTS_DIR; };
		EDB5A4A42250C5D10057A088 /* AppDelegate.swift */ = {isa = PBXFileReference; lastKnownFileType = sourcecode.swift; path = AppDelegate.swift; sourceTree = "<group>"; };
		EDB5A4A62250C5D10057A088 /* HomeViewController.swift */ = {isa = PBXFileReference; lastKnownFileType = sourcecode.swift; path = HomeViewController.swift; sourceTree = "<group>"; };
		EDB5A4A92250C5D10057A088 /* Base */ = {isa = PBXFileReference; lastKnownFileType = file.storyboard; name = Base; path = Base.lproj/Home.storyboard; sourceTree = "<group>"; };
		EDB5A4AB2250C5D30057A088 /* Assets.xcassets */ = {isa = PBXFileReference; lastKnownFileType = folder.assetcatalog; path = Assets.xcassets; sourceTree = "<group>"; };
		EDB5A4AE2250C5D30057A088 /* Base */ = {isa = PBXFileReference; lastKnownFileType = file.storyboard; name = Base; path = Base.lproj/LaunchScreen.storyboard; sourceTree = "<group>"; };
		EDB5A4B02250C5D30057A088 /* Info.plist */ = {isa = PBXFileReference; lastKnownFileType = text.plist.xml; path = Info.plist; sourceTree = "<group>"; };
		EDB5A4B52250C5D30057A088 /* XebiaAssignmentTests.xctest */ = {isa = PBXFileReference; explicitFileType = wrapper.cfbundle; includeInIndex = 0; path = XebiaAssignmentTests.xctest; sourceTree = BUILT_PRODUCTS_DIR; };
		EDB5A4BB2250C5D30057A088 /* Info.plist */ = {isa = PBXFileReference; lastKnownFileType = text.plist.xml; path = Info.plist; sourceTree = "<group>"; };
		EDB5A4C02250C5D30057A088 /* XebiaAssignmentUITests.xctest */ = {isa = PBXFileReference; explicitFileType = wrapper.cfbundle; includeInIndex = 0; path = XebiaAssignmentUITests.xctest; sourceTree = BUILT_PRODUCTS_DIR; };
		EDB5A4C62250C5D30057A088 /* Info.plist */ = {isa = PBXFileReference; lastKnownFileType = text.plist.xml; path = Info.plist; sourceTree = "<group>"; };
		EDB5A4E02250CCF00057A088 /* HomeViewModelFactory.swift */ = {isa = PBXFileReference; lastKnownFileType = sourcecode.swift; path = HomeViewModelFactory.swift; sourceTree = "<group>"; };
		EDB5A4E32250CD470057A088 /* HomeViewModel.swift */ = {isa = PBXFileReference; lastKnownFileType = sourcecode.swift; path = HomeViewModel.swift; sourceTree = "<group>"; };
		EDB5A4E522514B3B0057A088 /* ContentCollectionViewCell.swift */ = {isa = PBXFileReference; lastKnownFileType = sourcecode.swift; path = ContentCollectionViewCell.swift; sourceTree = "<group>"; };
		EDB5A4E922514BC10057A088 /* ImageLoadable.swift */ = {isa = PBXFileReference; lastKnownFileType = sourcecode.swift; path = ImageLoadable.swift; sourceTree = "<group>"; };
		EDB5A4EB22514BFE0057A088 /* RequestService.swift */ = {isa = PBXFileReference; lastKnownFileType = sourcecode.swift; path = RequestService.swift; sourceTree = "<group>"; };
		EDB5A4ED22514C220057A088 /* API.swift */ = {isa = PBXFileReference; lastKnownFileType = sourcecode.swift; path = API.swift; sourceTree = "<group>"; };
		EDB5A4EF22514C540057A088 /* Constant.swift */ = {isa = PBXFileReference; lastKnownFileType = sourcecode.swift; path = Constant.swift; sourceTree = "<group>"; };
		EDB5A4F122514D580057A088 /* UICollectionView.swift */ = {isa = PBXFileReference; fileEncoding = 4; lastKnownFileType = sourcecode.swift; path = UICollectionView.swift; sourceTree = "<group>"; };
		EDB5A4F222514D580057A088 /* UIStoryboard.swift */ = {isa = PBXFileReference; fileEncoding = 4; lastKnownFileType = sourcecode.swift; path = UIStoryboard.swift; sourceTree = "<group>"; };
		EDB5A4F322514D580057A088 /* Date.swift */ = {isa = PBXFileReference; fileEncoding = 4; lastKnownFileType = sourcecode.swift; path = Date.swift; sourceTree = "<group>"; };
		EDB5A4F422514D580057A088 /* String.swift */ = {isa = PBXFileReference; fileEncoding = 4; lastKnownFileType = sourcecode.swift; path = String.swift; sourceTree = "<group>"; };
		EDB5A4F922514DAB0057A088 /* Pageable.swift */ = {isa = PBXFileReference; fileEncoding = 4; lastKnownFileType = sourcecode.swift; path = Pageable.swift; sourceTree = "<group>"; };
		EDB5A4FA22514DAB0057A088 /* DateFormat.swift */ = {isa = PBXFileReference; fileEncoding = 4; lastKnownFileType = sourcecode.swift; path = DateFormat.swift; sourceTree = "<group>"; };
		EDB5A4FD22514E160057A088 /* APIError.swift */ = {isa = PBXFileReference; fileEncoding = 4; lastKnownFileType = sourcecode.swift; path = APIError.swift; sourceTree = "<group>"; };
		EDB5A4FE22514E160057A088 /* ContentServiceApi.swift */ = {isa = PBXFileReference; fileEncoding = 4; lastKnownFileType = sourcecode.swift; path = ContentServiceApi.swift; sourceTree = "<group>"; };
		EDB5A4FF22514E160057A088 /* DownloadImageService.swift */ = {isa = PBXFileReference; fileEncoding = 4; lastKnownFileType = sourcecode.swift; path = DownloadImageService.swift; sourceTree = "<group>"; };
		EDB5A50322514EA40057A088 /* ContentResponse.swift */ = {isa = PBXFileReference; fileEncoding = 4; lastKnownFileType = sourcecode.swift; path = ContentResponse.swift; sourceTree = "<group>"; };
		EDB5A50422514EA40057A088 /* Content.swift */ = {isa = PBXFileReference; fileEncoding = 4; lastKnownFileType = sourcecode.swift; path = Content.swift; sourceTree = "<group>"; };
		EDB5A50722514EA40057A088 /* ResponseStatus.swift */ = {isa = PBXFileReference; fileEncoding = 4; lastKnownFileType = sourcecode.swift; path = ResponseStatus.swift; sourceTree = "<group>"; };
		EDB5A50E22514EDA0057A088 /* Mappable.swift */ = {isa = PBXFileReference; fileEncoding = 4; lastKnownFileType = sourcecode.swift; path = Mappable.swift; sourceTree = "<group>"; };
		EDB5A50F22514EDA0057A088 /* Mapper.swift */ = {isa = PBXFileReference; fileEncoding = 4; lastKnownFileType = sourcecode.swift; path = Mapper.swift; sourceTree = "<group>"; };
		EDB5A51022514EDA0057A088 /* Mapping.swift */ = {isa = PBXFileReference; fileEncoding = 4; lastKnownFileType = sourcecode.swift; path = Mapping.swift; sourceTree = "<group>"; };
		EDB5A51422514F1B0057A088 /* ContentCollectionViewCellViewModel.swift */ = {isa = PBXFileReference; lastKnownFileType = sourcecode.swift; path = ContentCollectionViewCellViewModel.swift; sourceTree = "<group>"; };
		EDB5A516225159540057A088 /* Media.swift */ = {isa = PBXFileReference; lastKnownFileType = sourcecode.swift; path = Media.swift; sourceTree = "<group>"; };
		EDB5A51822515B960057A088 /* MediaMetadata.swift */ = {isa = PBXFileReference; lastKnownFileType = sourcecode.swift; path = MediaMetadata.swift; sourceTree = "<group>"; };
		EDB5A51F22516EB40057A088 /* ArticleDetailViewController.swift */ = {isa = PBXFileReference; lastKnownFileType = sourcecode.swift; path = ArticleDetailViewController.swift; sourceTree = "<group>"; };
		EDB5A52222517ACF0057A088 /* HomeViewControllerTest.swift */ = {isa = PBXFileReference; lastKnownFileType = sourcecode.swift; path = HomeViewControllerTest.swift; sourceTree = "<group>"; };
		EDB5A52522517B470057A088 /* ArticlesViewControllerTest.swift */ = {isa = PBXFileReference; lastKnownFileType = sourcecode.swift; path = ArticlesViewControllerTest.swift; sourceTree = "<group>"; };
		EDCE70812252AD5A000F7763 /* ContentCollectionViewCell.xib */ = {isa = PBXFileReference; fileEncoding = 4; lastKnownFileType = file.xib; path = ContentCollectionViewCell.xib; sourceTree = "<group>"; };
/* End PBXFileReference section */

/* Begin PBXFrameworksBuildPhase section */
		ED26301E2251810400B1FD8F /* Frameworks */ = {
			isa = PBXFrameworksBuildPhase;
			buildActionMask = 2147483647;
			files = (
			);
			runOnlyForDeploymentPostprocessing = 0;
		};
		EDB5A49E2250C5D10057A088 /* Frameworks */ = {
			isa = PBXFrameworksBuildPhase;
			buildActionMask = 2147483647;
			files = (
				ED2630362251810500B1FD8F /* PDDFramework.framework in Frameworks */,
			);
			runOnlyForDeploymentPostprocessing = 0;
		};
		EDB5A4B22250C5D30057A088 /* Frameworks */ = {
			isa = PBXFrameworksBuildPhase;
			buildActionMask = 2147483647;
			files = (
			);
			runOnlyForDeploymentPostprocessing = 0;
		};
		EDB5A4BD2250C5D30057A088 /* Frameworks */ = {
			isa = PBXFrameworksBuildPhase;
			buildActionMask = 2147483647;
			files = (
			);
			runOnlyForDeploymentPostprocessing = 0;
		};
/* End PBXFrameworksBuildPhase section */

/* Begin PBXGroup section */
		ED16357A2252CBE900A47289 /* Resource */ = {
			isa = PBXGroup;
			children = (
				ED16357B2252CBFB00A47289 /* test1.png */,
			);
			path = Resource;
			sourceTree = "<group>";
		};
		ED262FC422517B9E00B1FD8F /* View */ = {
			isa = PBXGroup;
			children = (
				ED262FC922517BF500B1FD8F /* Home */,
			);
			path = View;
			sourceTree = "<group>";
		};
		ED262FC522517BA700B1FD8F /* ViewModel */ = {
			isa = PBXGroup;
			children = (
				ED26301922517F6700B1FD8F /* ContentCollectionViewCellViewModelTest.swift */,
				ED26301822517F6700B1FD8F /* HomeViewModelTest.swift */,
			);
			path = ViewModel;
			sourceTree = "<group>";
		};
		ED262FC622517BB100B1FD8F /* Model */ = {
			isa = PBXGroup;
			children = (
				ED26301022517EBA00B1FD8F /* ContentResponseTest.swift */,
				ED26300F22517EBA00B1FD8F /* ContentTest.swift */,
				ED26301122517EBA00B1FD8F /* MediaTest.swift */,
			);
			path = Model;
			sourceTree = "<group>";
		};
		ED262FC722517BBA00B1FD8F /* Engine */ = {
			isa = PBXGroup;
			children = (
				ED26300122517DC700B1FD8F /* Service */,
				ED262FFE22517D9F00B1FD8F /* JSONMapping */,
				ED262FFB22517D6800B1FD8F /* Extension */,
			);
			path = Engine;
			sourceTree = "<group>";
		};
		ED262FC822517BC000B1FD8F /* Mock */ = {
			isa = PBXGroup;
			children = (
				ED262FE222517CE000B1FD8F /* ContentCollectionViewCellViewModelMock.swift */,
				ED262FDA22517CE000B1FD8F /* ContentServiceApiMock.swift */,
				ED262FD322517CDF00B1FD8F /* DownloadImageServiceMock.swift */,
				ED262FD422517CDF00B1FD8F /* HomeViewModelMock.swift */,
				ED262FE322517CE000B1FD8F /* MappableObjectAMock.swift */,
				ED262FE022517CE000B1FD8F /* MappableObjectBMock.swift */,
				ED262FDB22517CE000B1FD8F /* RequestServiceMock.swift */,
				ED262FDD22517CE000B1FD8F /* UICollectionViewMock.swift */,
				ED262FDF22517CE000B1FD8F /* URLSessionMock.swift */,
			);
			path = Mock;
			sourceTree = "<group>";
		};
		ED262FC922517BF500B1FD8F /* Home */ = {
			isa = PBXGroup;
			children = (
				ED262FCB22517C3600B1FD8F /* HomeViewControllerTest.swift */,
				ED262FCD22517C8000B1FD8F /* ContentCollectionViewCellTest.swift */,
				ED262FCA22517C3500B1FD8F /* XebiaAssignmentTests-Bridging-Header.h */,
			);
			path = Home;
			sourceTree = "<group>";
		};
		ED262FFB22517D6800B1FD8F /* Extension */ = {
			isa = PBXGroup;
			children = (
				ED262FFC22517D7800B1FD8F /* DateTest.swift */,
			);
			path = Extension;
			sourceTree = "<group>";
		};
		ED262FFE22517D9F00B1FD8F /* JSONMapping */ = {
			isa = PBXGroup;
			children = (
				ED262FFF22517DA900B1FD8F /* MappingTest.swift */,
			);
			path = JSONMapping;
			sourceTree = "<group>";
		};
		ED26300122517DC700B1FD8F /* Service */ = {
			isa = PBXGroup;
			children = (
				ED26300622517DD600B1FD8F /* APIErrorTest.swift */,
				ED26300722517DD600B1FD8F /* APITest.swift */,
				ED26300422517DD600B1FD8F /* ContentServiceApiTest.swift */,
				ED26300322517DD600B1FD8F /* DownloadImageServiceTest.swift */,
				ED26300522517DD600B1FD8F /* RequestServiceTest.swift */,
			);
			path = Service;
			sourceTree = "<group>";
		};
		ED2630222251810400B1FD8F /* PDDFramework */ = {
			isa = PBXGroup;
			children = (
				ED2630232251810400B1FD8F /* PDDFramework.h */,
				ED2630242251810400B1FD8F /* Info.plist */,
			);
			path = PDDFramework;
			sourceTree = "<group>";
		};
		EDB5A4982250C5D10057A088 = {
			isa = PBXGroup;
			children = (
				EDA60BA32251D31800391809 /* HomeView.playground */,
				EDB5A4A32250C5D10057A088 /* XebiaAssignment */,
				EDB5A4B82250C5D30057A088 /* XebiaAssignmentTests */,
				EDB5A4C32250C5D30057A088 /* XebiaAssignmentUITests */,
				ED2630222251810400B1FD8F /* PDDFramework */,
				EDB5A4A22250C5D10057A088 /* Products */,
			);
			sourceTree = "<group>";
		};
		EDB5A4A22250C5D10057A088 /* Products */ = {
			isa = PBXGroup;
			children = (
				EDB5A4A12250C5D10057A088 /* XebiaAssignment.app */,
				EDB5A4B52250C5D30057A088 /* XebiaAssignmentTests.xctest */,
				EDB5A4C02250C5D30057A088 /* XebiaAssignmentUITests.xctest */,
				ED2630212251810400B1FD8F /* PDDFramework.framework */,
			);
			name = Products;
			sourceTree = "<group>";
		};
		EDB5A4A32250C5D10057A088 /* XebiaAssignment */ = {
			isa = PBXGroup;
			children = (
				EDB5A4D22250C8670057A088 /* Engine */,
				EDB5A4D32250C8760057A088 /* Model */,
				EDB5A4D42250C87D0057A088 /* ViewModel */,
				EDB5A4D52250C8880057A088 /* View */,
				EDB5A4D62250C88E0057A088 /* Storyboard */,
				EDB5A4D72250C8960057A088 /* Resource */,
				EDB5A4A42250C5D10057A088 /* AppDelegate.swift */,
				EDB5A4B02250C5D30057A088 /* Info.plist */,
			);
			path = XebiaAssignment;
			sourceTree = "<group>";
		};
		EDB5A4B82250C5D30057A088 /* XebiaAssignmentTests */ = {
			isa = PBXGroup;
			children = (
				ED16357A2252CBE900A47289 /* Resource */,
				ED262FC822517BC000B1FD8F /* Mock */,
				ED262FC722517BBA00B1FD8F /* Engine */,
				ED262FC622517BB100B1FD8F /* Model */,
				ED262FC522517BA700B1FD8F /* ViewModel */,
				ED262FC422517B9E00B1FD8F /* View */,
				EDB5A4BB2250C5D30057A088 /* Info.plist */,
			);
			path = XebiaAssignmentTests;
			sourceTree = "<group>";
		};
		EDB5A4C32250C5D30057A088 /* XebiaAssignmentUITests */ = {
			isa = PBXGroup;
			children = (
				EDB5A52422517B350057A088 /* Articles */,
				EDB5A52122517AB20057A088 /* Home */,
				EDB5A4C62250C5D30057A088 /* Info.plist */,
			);
			path = XebiaAssignmentUITests;
			sourceTree = "<group>";
		};
		EDB5A4D22250C8670057A088 /* Engine */ = {
			isa = PBXGroup;
			children = (
				EDB5A4DE2250CCCB0057A088 /* Factory */,
				EDB5A4DD2250CCBF0057A088 /* Utility */,
				EDB5A4DC2250CCB70057A088 /* Extension */,
				EDB5A4DA2250CCAA0057A088 /* Service */,
				EDB5A4D92250CCA10057A088 /* Constant */,
			);
			path = Engine;
			sourceTree = "<group>";
		};
		EDB5A4D32250C8760057A088 /* Model */ = {
			isa = PBXGroup;
			children = (
				EDB5A50422514EA40057A088 /* Content.swift */,
				EDB5A50322514EA40057A088 /* ContentResponse.swift */,
				EDB5A50722514EA40057A088 /* ResponseStatus.swift */,
				EDB5A516225159540057A088 /* Media.swift */,
				EDB5A51822515B960057A088 /* MediaMetadata.swift */,
			);
			path = Model;
			sourceTree = "<group>";
		};
		EDB5A4D42250C87D0057A088 /* ViewModel */ = {
			isa = PBXGroup;
			children = (
				EDB5A4E22250CD340057A088 /* Home */,
			);
			path = ViewModel;
			sourceTree = "<group>";
		};
		EDB5A4D52250C8880057A088 /* View */ = {
			isa = PBXGroup;
			children = (
				EDB5A51C22516C990057A088 /* Articles */,
				EDB5A4D82250CB490057A088 /* Home */,
			);
			path = View;
			sourceTree = "<group>";
		};
		EDB5A4D62250C88E0057A088 /* Storyboard */ = {
			isa = PBXGroup;
			children = (
				EDB5A4A82250C5D10057A088 /* Home.storyboard */,
				EDB5A4AD2250C5D30057A088 /* LaunchScreen.storyboard */,
			);
			path = Storyboard;
			sourceTree = "<group>";
		};
		EDB5A4D72250C8960057A088 /* Resource */ = {
			isa = PBXGroup;
			children = (
				EDB5A4AB2250C5D30057A088 /* Assets.xcassets */,
			);
			path = Resource;
			sourceTree = "<group>";
		};
		EDB5A4D82250CB490057A088 /* Home */ = {
			isa = PBXGroup;
			children = (
				EDB5A4A62250C5D10057A088 /* HomeViewController.swift */,
				EDB5A4E522514B3B0057A088 /* ContentCollectionViewCell.swift */,
				EDCE70812252AD5A000F7763 /* ContentCollectionViewCell.xib */,
			);
			path = Home;
			sourceTree = "<group>";
		};
		EDB5A4D92250CCA10057A088 /* Constant */ = {
			isa = PBXGroup;
			children = (
				EDB5A4EF22514C540057A088 /* Constant.swift */,
			);
			path = Constant;
			sourceTree = "<group>";
		};
		EDB5A4DA2250CCAA0057A088 /* Service */ = {
			isa = PBXGroup;
			children = (
				EDB5A4ED22514C220057A088 /* API.swift */,
				EDB5A4FD22514E160057A088 /* APIError.swift */,
				EDB5A4FE22514E160057A088 /* ContentServiceApi.swift */,
				EDB5A4FF22514E160057A088 /* DownloadImageService.swift */,
				EDB5A4EB22514BFE0057A088 /* RequestService.swift */,
			);
			path = Service;
			sourceTree = "<group>";
		};
		EDB5A4DC2250CCB70057A088 /* Extension */ = {
			isa = PBXGroup;
			children = (
				EDB5A4F322514D580057A088 /* Date.swift */,
				EDB5A4F422514D580057A088 /* String.swift */,
				EDB5A4F122514D580057A088 /* UICollectionView.swift */,
				EDB5A4F222514D580057A088 /* UIStoryboard.swift */,
			);
			path = Extension;
			sourceTree = "<group>";
		};
		EDB5A4DD2250CCBF0057A088 /* Utility */ = {
			isa = PBXGroup;
			children = (
				EDB5A50D22514ECE0057A088 /* JSONMapping */,
				EDB5A4FA22514DAB0057A088 /* DateFormat.swift */,
				EDB5A4F922514DAB0057A088 /* Pageable.swift */,
				EDB5A4E922514BC10057A088 /* ImageLoadable.swift */,
			);
			path = Utility;
			sourceTree = "<group>";
		};
		EDB5A4DE2250CCCB0057A088 /* Factory */ = {
			isa = PBXGroup;
			children = (
				EDB5A4E02250CCF00057A088 /* HomeViewModelFactory.swift */,
			);
			path = Factory;
			sourceTree = "<group>";
		};
		EDB5A4E22250CD340057A088 /* Home */ = {
			isa = PBXGroup;
			children = (
				EDB5A4E32250CD470057A088 /* HomeViewModel.swift */,
				EDB5A51422514F1B0057A088 /* ContentCollectionViewCellViewModel.swift */,
			);
			path = Home;
			sourceTree = "<group>";
		};
		EDB5A50D22514ECE0057A088 /* JSONMapping */ = {
			isa = PBXGroup;
			children = (
				EDB5A50E22514EDA0057A088 /* Mappable.swift */,
				EDB5A50F22514EDA0057A088 /* Mapper.swift */,
				EDB5A51022514EDA0057A088 /* Mapping.swift */,
			);
			path = JSONMapping;
			sourceTree = "<group>";
		};
		EDB5A51C22516C990057A088 /* Articles */ = {
			isa = PBXGroup;
			children = (
				EDB5A51F22516EB40057A088 /* ArticleDetailViewController.swift */,
			);
			path = Articles;
			sourceTree = "<group>";
		};
		EDB5A52122517AB20057A088 /* Home */ = {
			isa = PBXGroup;
			children = (
				EDB5A52222517ACF0057A088 /* HomeViewControllerTest.swift */,
			);
			path = Home;
			sourceTree = "<group>";
		};
		EDB5A52422517B350057A088 /* Articles */ = {
			isa = PBXGroup;
			children = (
				EDB5A52522517B470057A088 /* ArticlesViewControllerTest.swift */,
			);
			path = Articles;
			sourceTree = "<group>";
		};
/* End PBXGroup section */

/* Begin PBXHeadersBuildPhase section */
		ED26301C2251810400B1FD8F /* Headers */ = {
			isa = PBXHeadersBuildPhase;
			buildActionMask = 2147483647;
			files = (
				ED2630332251810500B1FD8F /* PDDFramework.h in Headers */,
			);
			runOnlyForDeploymentPostprocessing = 0;
		};
/* End PBXHeadersBuildPhase section */

/* Begin PBXNativeTarget section */
		ED2630202251810400B1FD8F /* PDDFramework */ = {
			isa = PBXNativeTarget;
			buildConfigurationList = ED2630382251810500B1FD8F /* Build configuration list for PBXNativeTarget "PDDFramework" */;
			buildPhases = (
				ED26301C2251810400B1FD8F /* Headers */,
				ED26301D2251810400B1FD8F /* Sources */,
				ED26301E2251810400B1FD8F /* Frameworks */,
				ED26301F2251810400B1FD8F /* Resources */,
			);
			buildRules = (
			);
			dependencies = (
			);
			name = PDDFramework;
			productName = PDDFramework;
			productReference = ED2630212251810400B1FD8F /* PDDFramework.framework */;
			productType = "com.apple.product-type.framework";
		};
		EDB5A4A02250C5D10057A088 /* XebiaAssignment */ = {
			isa = PBXNativeTarget;
			buildConfigurationList = EDB5A4C92250C5D30057A088 /* Build configuration list for PBXNativeTarget "XebiaAssignment" */;
			buildPhases = (
				EDB5A49D2250C5D10057A088 /* Sources */,
				EDB5A49E2250C5D10057A088 /* Frameworks */,
				EDB5A49F2250C5D10057A088 /* Resources */,
				ED26303B2251810500B1FD8F /* Embed Frameworks */,
			);
			buildRules = (
			);
			dependencies = (
				ED2630352251810500B1FD8F /* PBXTargetDependency */,
			);
			name = XebiaAssignment;
			productName = XebiaAssignment;
			productReference = EDB5A4A12250C5D10057A088 /* XebiaAssignment.app */;
			productType = "com.apple.product-type.application";
		};
		EDB5A4B42250C5D30057A088 /* XebiaAssignmentTests */ = {
			isa = PBXNativeTarget;
			buildConfigurationList = EDB5A4CC2250C5D30057A088 /* Build configuration list for PBXNativeTarget "XebiaAssignmentTests" */;
			buildPhases = (
				EDB5A4B12250C5D30057A088 /* Sources */,
				EDB5A4B22250C5D30057A088 /* Frameworks */,
				EDB5A4B32250C5D30057A088 /* Resources */,
			);
			buildRules = (
			);
			dependencies = (
				EDB5A4B72250C5D30057A088 /* PBXTargetDependency */,
			);
			name = XebiaAssignmentTests;
			productName = XebiaAssignmentTests;
			productReference = EDB5A4B52250C5D30057A088 /* XebiaAssignmentTests.xctest */;
			productType = "com.apple.product-type.bundle.unit-test";
		};
		EDB5A4BF2250C5D30057A088 /* XebiaAssignmentUITests */ = {
			isa = PBXNativeTarget;
			buildConfigurationList = EDB5A4CF2250C5D30057A088 /* Build configuration list for PBXNativeTarget "XebiaAssignmentUITests" */;
			buildPhases = (
				EDB5A4BC2250C5D30057A088 /* Sources */,
				EDB5A4BD2250C5D30057A088 /* Frameworks */,
				EDB5A4BE2250C5D30057A088 /* Resources */,
			);
			buildRules = (
			);
			dependencies = (
				EDB5A4C22250C5D30057A088 /* PBXTargetDependency */,
			);
			name = XebiaAssignmentUITests;
			productName = XebiaAssignmentUITests;
			productReference = EDB5A4C02250C5D30057A088 /* XebiaAssignmentUITests.xctest */;
			productType = "com.apple.product-type.bundle.ui-testing";
		};
/* End PBXNativeTarget section */

/* Begin PBXProject section */
		EDB5A4992250C5D10057A088 /* Project object */ = {
			isa = PBXProject;
			attributes = {
				LastSwiftUpdateCheck = 1010;
				LastUpgradeCheck = 1010;
				ORGANIZATIONNAME = xebia;
				TargetAttributes = {
					ED2630202251810400B1FD8F = {
						CreatedOnToolsVersion = 10.1;
					};
					EDB5A4A02250C5D10057A088 = {
						CreatedOnToolsVersion = 10.1;
					};
					EDB5A4B42250C5D30057A088 = {
						CreatedOnToolsVersion = 10.1;
						LastSwiftMigration = 1010;
						TestTargetID = EDB5A4A02250C5D10057A088;
					};
					EDB5A4BF2250C5D30057A088 = {
						CreatedOnToolsVersion = 10.1;
						TestTargetID = EDB5A4A02250C5D10057A088;
					};
				};
			};
			buildConfigurationList = EDB5A49C2250C5D10057A088 /* Build configuration list for PBXProject "XebiaAssignment" */;
			compatibilityVersion = "Xcode 9.3";
			developmentRegion = en;
			hasScannedForEncodings = 0;
			knownRegions = (
				en,
				Base,
			);
			mainGroup = EDB5A4982250C5D10057A088;
			productRefGroup = EDB5A4A22250C5D10057A088 /* Products */;
			projectDirPath = "";
			projectRoot = "";
			targets = (
				EDB5A4A02250C5D10057A088 /* XebiaAssignment */,
				EDB5A4B42250C5D30057A088 /* XebiaAssignmentTests */,
				EDB5A4BF2250C5D30057A088 /* XebiaAssignmentUITests */,
				ED2630202251810400B1FD8F /* PDDFramework */,
			);
		};
/* End PBXProject section */

/* Begin PBXResourcesBuildPhase section */
		ED26301F2251810400B1FD8F /* Resources */ = {
			isa = PBXResourcesBuildPhase;
			buildActionMask = 2147483647;
			files = (
				ED26303F2251817200B1FD8F /* Home.storyboard in Resources */,
				EDCE70832252AD5A000F7763 /* ContentCollectionViewCell.xib in Resources */,
				ED2630402251817B00B1FD8F /* LaunchScreen.storyboard in Resources */,
			);
			runOnlyForDeploymentPostprocessing = 0;
		};
		EDB5A49F2250C5D10057A088 /* Resources */ = {
			isa = PBXResourcesBuildPhase;
			buildActionMask = 2147483647;
			files = (
				EDCE70822252AD5A000F7763 /* ContentCollectionViewCell.xib in Resources */,
				EDB5A4AF2250C5D30057A088 /* LaunchScreen.storyboard in Resources */,
				EDB5A4AC2250C5D30057A088 /* Assets.xcassets in Resources */,
				EDB5A4AA2250C5D10057A088 /* Home.storyboard in Resources */,
			);
			runOnlyForDeploymentPostprocessing = 0;
		};
		EDB5A4B32250C5D30057A088 /* Resources */ = {
			isa = PBXResourcesBuildPhase;
			buildActionMask = 2147483647;
			files = (
				ED16357C2252CBFB00A47289 /* test1.png in Resources */,
			);
			runOnlyForDeploymentPostprocessing = 0;
		};
		EDB5A4BE2250C5D30057A088 /* Resources */ = {
			isa = PBXResourcesBuildPhase;
			buildActionMask = 2147483647;
			files = (
			);
			runOnlyForDeploymentPostprocessing = 0;
		};
/* End PBXResourcesBuildPhase section */

/* Begin PBXSourcesBuildPhase section */
		ED26301D2251810400B1FD8F /* Sources */ = {
			isa = PBXSourcesBuildPhase;
			buildActionMask = 2147483647;
			files = (
				ED26304C2251842E00B1FD8F /* HomeViewModelFactory.swift in Sources */,
				ED2630502251844100B1FD8F /* Mappable.swift in Sources */,
				ED263049225183FB00B1FD8F /* ResponseStatus.swift in Sources */,
				ED26304F2251843D00B1FD8F /* ImageLoadable.swift in Sources */,
				ED26305E2251882100B1FD8F /* AppDelegate.swift in Sources */,
				ED2630522251844800B1FD8F /* Mapping.swift in Sources */,
				ED2630512251844500B1FD8F /* Mapper.swift in Sources */,
				ED2630532251845700B1FD8F /* Date.swift in Sources */,
				ED2630432251838C00B1FD8F /* ContentCollectionViewCell.swift in Sources */,
				ED2630592251847100B1FD8F /* ContentServiceApi.swift in Sources */,
				ED26305C2251847D00B1FD8F /* Constant.swift in Sources */,
				ED26304A225183FE00B1FD8F /* ContentResponse.swift in Sources */,
				ED263048225183F700B1FD8F /* MediaMetadata.swift in Sources */,
				ED263046225183B700B1FD8F /* ContentCollectionViewCellViewModel.swift in Sources */,
				ED26304E2251843900B1FD8F /* Pageable.swift in Sources */,
				ED26305B2251847700B1FD8F /* RequestService.swift in Sources */,
				ED2630542251845C00B1FD8F /* String.swift in Sources */,
				ED2630572251846A00B1FD8F /* API.swift in Sources */,
				ED26305D225184A800B1FD8F /* ArticleDetailViewController.swift in Sources */,
				ED26304B2251840200B1FD8F /* Content.swift in Sources */,
				ED263045225183B300B1FD8F /* HomeViewModel.swift in Sources */,
				ED26305A2251847400B1FD8F /* DownloadImageService.swift in Sources */,
				ED263042225182DC00B1FD8F /* HomeViewController.swift in Sources */,
				ED2630562251846500B1FD8F /* UIStoryboard.swift in Sources */,
				ED26304D2251843500B1FD8F /* DateFormat.swift in Sources */,
				ED263047225183F100B1FD8F /* Media.swift in Sources */,
				ED2630552251846000B1FD8F /* UICollectionView.swift in Sources */,
				ED2630582251846D00B1FD8F /* APIError.swift in Sources */,
			);
			runOnlyForDeploymentPostprocessing = 0;
		};
		EDB5A49D2250C5D10057A088 /* Sources */ = {
			isa = PBXSourcesBuildPhase;
			buildActionMask = 2147483647;
			files = (
				EDB5A50122514E160057A088 /* ContentServiceApi.swift in Sources */,
				EDB5A4F622514D580057A088 /* UIStoryboard.swift in Sources */,
				EDB5A517225159540057A088 /* Media.swift in Sources */,
				EDB5A4F822514D580057A088 /* String.swift in Sources */,
				EDB5A51322514EDA0057A088 /* Mapping.swift in Sources */,
				EDB5A51222514EDA0057A088 /* Mapper.swift in Sources */,
				EDB5A50922514EA40057A088 /* Content.swift in Sources */,
				EDB5A4FB22514DAB0057A088 /* Pageable.swift in Sources */,
				EDB5A4F522514D580057A088 /* UICollectionView.swift in Sources */,
				EDB5A4EC22514BFE0057A088 /* RequestService.swift in Sources */,
				EDB5A52022516EB40057A088 /* ArticleDetailViewController.swift in Sources */,
				EDB5A4A72250C5D10057A088 /* HomeViewController.swift in Sources */,
				EDB5A4F022514C540057A088 /* Constant.swift in Sources */,
				EDB5A4EA22514BC10057A088 /* ImageLoadable.swift in Sources */,
				EDB5A4FC22514DAB0057A088 /* DateFormat.swift in Sources */,
				EDB5A4E12250CCF00057A088 /* HomeViewModelFactory.swift in Sources */,
				EDB5A50222514E160057A088 /* DownloadImageService.swift in Sources */,
				EDB5A4F722514D580057A088 /* Date.swift in Sources */,
				EDB5A4A52250C5D10057A088 /* AppDelegate.swift in Sources */,
				EDB5A50C22514EA40057A088 /* ResponseStatus.swift in Sources */,
				EDB5A4E42250CD470057A088 /* HomeViewModel.swift in Sources */,
				EDB5A51122514EDA0057A088 /* Mappable.swift in Sources */,
				EDB5A51922515B960057A088 /* MediaMetadata.swift in Sources */,
				EDB5A50022514E160057A088 /* APIError.swift in Sources */,
				EDB5A4EE22514C220057A088 /* API.swift in Sources */,
				EDB5A50822514EA40057A088 /* ContentResponse.swift in Sources */,
				EDB5A4E622514B3B0057A088 /* ContentCollectionViewCell.swift in Sources */,
				EDB5A51522514F1B0057A088 /* ContentCollectionViewCellViewModel.swift in Sources */,
			);
			runOnlyForDeploymentPostprocessing = 0;
		};
		EDB5A4B12250C5D30057A088 /* Sources */ = {
			isa = PBXSourcesBuildPhase;
			buildActionMask = 2147483647;
			files = (
				ED26300022517DA900B1FD8F /* MappingTest.swift in Sources */,
				ED26301A22517F6700B1FD8F /* HomeViewModelTest.swift in Sources */,
				ED262FF022517CE000B1FD8F /* ContentServiceApiMock.swift in Sources */,
				ED26301622517EBA00B1FD8F /* MediaTest.swift in Sources */,
				ED262FCE22517C8000B1FD8F /* ContentCollectionViewCellTest.swift in Sources */,
				ED262FEA22517CE000B1FD8F /* HomeViewModelMock.swift in Sources */,
				ED26301422517EBA00B1FD8F /* ContentTest.swift in Sources */,
				ED262FF322517CE000B1FD8F /* UICollectionViewMock.swift in Sources */,
				ED26300B22517DD600B1FD8F /* RequestServiceTest.swift in Sources */,
				ED26300922517DD600B1FD8F /* DownloadImageServiceTest.swift in Sources */,
				ED262FF922517CE000B1FD8F /* MappableObjectAMock.swift in Sources */,
				ED262FF122517CE000B1FD8F /* RequestServiceMock.swift in Sources */,
				ED262FCC22517C3600B1FD8F /* HomeViewControllerTest.swift in Sources */,
				ED26301B22517F6700B1FD8F /* ContentCollectionViewCellViewModelTest.swift in Sources */,
				ED262FE922517CE000B1FD8F /* DownloadImageServiceMock.swift in Sources */,
				ED26300C22517DD600B1FD8F /* APIErrorTest.swift in Sources */,
				ED26300A22517DD600B1FD8F /* ContentServiceApiTest.swift in Sources */,
				ED262FF522517CE000B1FD8F /* URLSessionMock.swift in Sources */,
				ED262FF622517CE000B1FD8F /* MappableObjectBMock.swift in Sources */,
				ED262FFD22517D7800B1FD8F /* DateTest.swift in Sources */,
				ED26301522517EBA00B1FD8F /* ContentResponseTest.swift in Sources */,
				ED26300D22517DD600B1FD8F /* APITest.swift in Sources */,
				ED262FF822517CE000B1FD8F /* ContentCollectionViewCellViewModelMock.swift in Sources */,
			);
			runOnlyForDeploymentPostprocessing = 0;
		};
		EDB5A4BC2250C5D30057A088 /* Sources */ = {
			isa = PBXSourcesBuildPhase;
			buildActionMask = 2147483647;
			files = (
				EDB5A52622517B470057A088 /* ArticlesViewControllerTest.swift in Sources */,
				EDB5A52322517ACF0057A088 /* HomeViewControllerTest.swift in Sources */,
			);
			runOnlyForDeploymentPostprocessing = 0;
		};
/* End PBXSourcesBuildPhase section */

/* Begin PBXTargetDependency section */
		ED2630352251810500B1FD8F /* PBXTargetDependency */ = {
			isa = PBXTargetDependency;
			target = ED2630202251810400B1FD8F /* PDDFramework */;
			targetProxy = ED2630342251810500B1FD8F /* PBXContainerItemProxy */;
		};
		EDB5A4B72250C5D30057A088 /* PBXTargetDependency */ = {
			isa = PBXTargetDependency;
			target = EDB5A4A02250C5D10057A088 /* XebiaAssignment */;
			targetProxy = EDB5A4B62250C5D30057A088 /* PBXContainerItemProxy */;
		};
		EDB5A4C22250C5D30057A088 /* PBXTargetDependency */ = {
			isa = PBXTargetDependency;
			target = EDB5A4A02250C5D10057A088 /* XebiaAssignment */;
			targetProxy = EDB5A4C12250C5D30057A088 /* PBXContainerItemProxy */;
		};
/* End PBXTargetDependency section */

/* Begin PBXVariantGroup section */
		EDB5A4A82250C5D10057A088 /* Home.storyboard */ = {
			isa = PBXVariantGroup;
			children = (
				EDB5A4A92250C5D10057A088 /* Base */,
			);
			name = Home.storyboard;
			sourceTree = "<group>";
		};
		EDB5A4AD2250C5D30057A088 /* LaunchScreen.storyboard */ = {
			isa = PBXVariantGroup;
			children = (
				EDB5A4AE2250C5D30057A088 /* Base */,
			);
			name = LaunchScreen.storyboard;
			sourceTree = "<group>";
		};
/* End PBXVariantGroup section */

/* Begin XCBuildConfiguration section */
		ED2630392251810500B1FD8F /* Debug */ = {
			isa = XCBuildConfiguration;
			buildSettings = {
				CODE_SIGN_IDENTITY = "";
				CODE_SIGN_STYLE = Automatic;
				CURRENT_PROJECT_VERSION = 2;
				DEFINES_MODULE = YES;
				DYLIB_COMPATIBILITY_VERSION = 1;
				DYLIB_CURRENT_VERSION = 2;
				DYLIB_INSTALL_NAME_BASE = "@rpath";
				INFOPLIST_FILE = PDDFramework/Info.plist;
				INSTALL_PATH = "$(LOCAL_LIBRARY_DIR)/Frameworks";
				LD_RUNPATH_SEARCH_PATHS = (
					"$(inherited)",
					"@executable_path/Frameworks",
					"@loader_path/Frameworks",
				);
				PRODUCT_BUNDLE_IDENTIFIER = com.xebia.PDDFramework;
				PRODUCT_NAME = "$(TARGET_NAME:c99extidentifier)";
				SKIP_INSTALL = YES;
				SWIFT_VERSION = 4.2;
				TARGETED_DEVICE_FAMILY = "1,2";
				VERSIONING_SYSTEM = "apple-generic";
				VERSION_INFO_PREFIX = "";
			};
			name = Debug;
		};
		ED26303A2251810500B1FD8F /* Release */ = {
			isa = XCBuildConfiguration;
			buildSettings = {
				CODE_SIGN_IDENTITY = "";
				CODE_SIGN_STYLE = Automatic;
				CURRENT_PROJECT_VERSION = 2;
				DEFINES_MODULE = YES;
				DYLIB_COMPATIBILITY_VERSION = 1;
				DYLIB_CURRENT_VERSION = 2;
				DYLIB_INSTALL_NAME_BASE = "@rpath";
				INFOPLIST_FILE = PDDFramework/Info.plist;
				INSTALL_PATH = "$(LOCAL_LIBRARY_DIR)/Frameworks";
				LD_RUNPATH_SEARCH_PATHS = (
					"$(inherited)",
					"@executable_path/Frameworks",
					"@loader_path/Frameworks",
				);
				PRODUCT_BUNDLE_IDENTIFIER = com.xebia.PDDFramework;
				PRODUCT_NAME = "$(TARGET_NAME:c99extidentifier)";
				SKIP_INSTALL = YES;
				SWIFT_VERSION = 4.2;
				TARGETED_DEVICE_FAMILY = "1,2";
				VERSIONING_SYSTEM = "apple-generic";
				VERSION_INFO_PREFIX = "";
			};
			name = Release;
		};
		EDB5A4C72250C5D30057A088 /* Debug */ = {
			isa = XCBuildConfiguration;
			buildSettings = {
				ALWAYS_SEARCH_USER_PATHS = NO;
				CLANG_ANALYZER_NONNULL = YES;
				CLANG_ANALYZER_NUMBER_OBJECT_CONVERSION = YES_AGGRESSIVE;
				CLANG_CXX_LANGUAGE_STANDARD = "gnu++14";
				CLANG_CXX_LIBRARY = "libc++";
				CLANG_ENABLE_MODULES = YES;
				CLANG_ENABLE_OBJC_ARC = YES;
				CLANG_ENABLE_OBJC_WEAK = YES;
				CLANG_WARN_BLOCK_CAPTURE_AUTORELEASING = YES;
				CLANG_WARN_BOOL_CONVERSION = YES;
				CLANG_WARN_COMMA = YES;
				CLANG_WARN_CONSTANT_CONVERSION = YES;
				CLANG_WARN_DEPRECATED_OBJC_IMPLEMENTATIONS = YES;
				CLANG_WARN_DIRECT_OBJC_ISA_USAGE = YES_ERROR;
				CLANG_WARN_DOCUMENTATION_COMMENTS = YES;
				CLANG_WARN_EMPTY_BODY = YES;
				CLANG_WARN_ENUM_CONVERSION = YES;
				CLANG_WARN_INFINITE_RECURSION = YES;
				CLANG_WARN_INT_CONVERSION = YES;
				CLANG_WARN_NON_LITERAL_NULL_CONVERSION = YES;
				CLANG_WARN_OBJC_IMPLICIT_RETAIN_SELF = YES;
				CLANG_WARN_OBJC_LITERAL_CONVERSION = YES;
				CLANG_WARN_OBJC_ROOT_CLASS = YES_ERROR;
				CLANG_WARN_RANGE_LOOP_ANALYSIS = YES;
				CLANG_WARN_STRICT_PROTOTYPES = YES;
				CLANG_WARN_SUSPICIOUS_MOVE = YES;
				CLANG_WARN_UNGUARDED_AVAILABILITY = YES_AGGRESSIVE;
				CLANG_WARN_UNREACHABLE_CODE = YES;
				CLANG_WARN__DUPLICATE_METHOD_MATCH = YES;
				CODE_SIGN_IDENTITY = "iPhone Developer";
				COPY_PHASE_STRIP = NO;
				DEBUG_INFORMATION_FORMAT = dwarf;
				ENABLE_STRICT_OBJC_MSGSEND = YES;
				ENABLE_TESTABILITY = YES;
				GCC_C_LANGUAGE_STANDARD = gnu11;
				GCC_DYNAMIC_NO_PIC = NO;
				GCC_NO_COMMON_BLOCKS = YES;
				GCC_OPTIMIZATION_LEVEL = 0;
				GCC_PREPROCESSOR_DEFINITIONS = (
					"DEBUG=1",
					"$(inherited)",
				);
				GCC_WARN_64_TO_32_BIT_CONVERSION = YES;
				GCC_WARN_ABOUT_RETURN_TYPE = YES_ERROR;
				GCC_WARN_UNDECLARED_SELECTOR = YES;
				GCC_WARN_UNINITIALIZED_AUTOS = YES_AGGRESSIVE;
				GCC_WARN_UNUSED_FUNCTION = YES;
				GCC_WARN_UNUSED_VARIABLE = YES;
				IPHONEOS_DEPLOYMENT_TARGET = 12.1;
				MTL_ENABLE_DEBUG_INFO = INCLUDE_SOURCE;
				MTL_FAST_MATH = YES;
				ONLY_ACTIVE_ARCH = YES;
				SDKROOT = iphoneos;
				SWIFT_ACTIVE_COMPILATION_CONDITIONS = DEBUG;
				SWIFT_OPTIMIZATION_LEVEL = "-Onone";
			};
			name = Debug;
		};
		EDB5A4C82250C5D30057A088 /* Release */ = {
			isa = XCBuildConfiguration;
			buildSettings = {
				ALWAYS_SEARCH_USER_PATHS = NO;
				CLANG_ANALYZER_NONNULL = YES;
				CLANG_ANALYZER_NUMBER_OBJECT_CONVERSION = YES_AGGRESSIVE;
				CLANG_CXX_LANGUAGE_STANDARD = "gnu++14";
				CLANG_CXX_LIBRARY = "libc++";
				CLANG_ENABLE_MODULES = YES;
				CLANG_ENABLE_OBJC_ARC = YES;
				CLANG_ENABLE_OBJC_WEAK = YES;
				CLANG_WARN_BLOCK_CAPTURE_AUTORELEASING = YES;
				CLANG_WARN_BOOL_CONVERSION = YES;
				CLANG_WARN_COMMA = YES;
				CLANG_WARN_CONSTANT_CONVERSION = YES;
				CLANG_WARN_DEPRECATED_OBJC_IMPLEMENTATIONS = YES;
				CLANG_WARN_DIRECT_OBJC_ISA_USAGE = YES_ERROR;
				CLANG_WARN_DOCUMENTATION_COMMENTS = YES;
				CLANG_WARN_EMPTY_BODY = YES;
				CLANG_WARN_ENUM_CONVERSION = YES;
				CLANG_WARN_INFINITE_RECURSION = YES;
				CLANG_WARN_INT_CONVERSION = YES;
				CLANG_WARN_NON_LITERAL_NULL_CONVERSION = YES;
				CLANG_WARN_OBJC_IMPLICIT_RETAIN_SELF = YES;
				CLANG_WARN_OBJC_LITERAL_CONVERSION = YES;
				CLANG_WARN_OBJC_ROOT_CLASS = YES_ERROR;
				CLANG_WARN_RANGE_LOOP_ANALYSIS = YES;
				CLANG_WARN_STRICT_PROTOTYPES = YES;
				CLANG_WARN_SUSPICIOUS_MOVE = YES;
				CLANG_WARN_UNGUARDED_AVAILABILITY = YES_AGGRESSIVE;
				CLANG_WARN_UNREACHABLE_CODE = YES;
				CLANG_WARN__DUPLICATE_METHOD_MATCH = YES;
				CODE_SIGN_IDENTITY = "iPhone Developer";
				COPY_PHASE_STRIP = NO;
				DEBUG_INFORMATION_FORMAT = "dwarf-with-dsym";
				ENABLE_NS_ASSERTIONS = NO;
				ENABLE_STRICT_OBJC_MSGSEND = YES;
				GCC_C_LANGUAGE_STANDARD = gnu11;
				GCC_NO_COMMON_BLOCKS = YES;
				GCC_WARN_64_TO_32_BIT_CONVERSION = YES;
				GCC_WARN_ABOUT_RETURN_TYPE = YES_ERROR;
				GCC_WARN_UNDECLARED_SELECTOR = YES;
				GCC_WARN_UNINITIALIZED_AUTOS = YES_AGGRESSIVE;
				GCC_WARN_UNUSED_FUNCTION = YES;
				GCC_WARN_UNUSED_VARIABLE = YES;
				IPHONEOS_DEPLOYMENT_TARGET = 12.1;
				MTL_ENABLE_DEBUG_INFO = NO;
				MTL_FAST_MATH = YES;
				SDKROOT = iphoneos;
				SWIFT_COMPILATION_MODE = wholemodule;
				SWIFT_OPTIMIZATION_LEVEL = "-O";
				VALIDATE_PRODUCT = YES;
			};
			name = Release;
		};
		EDB5A4CA2250C5D30057A088 /* Debug */ = {
			isa = XCBuildConfiguration;
			buildSettings = {
				ALWAYS_EMBED_SWIFT_STANDARD_LIBRARIES = YES;
				ASSETCATALOG_COMPILER_APPICON_NAME = AppIcon;
				CODE_SIGN_STYLE = Automatic;
				INFOPLIST_FILE = XebiaAssignment/Info.plist;
				LD_RUNPATH_SEARCH_PATHS = (
					"$(inherited)",
					"@executable_path/Frameworks",
				);
				PRODUCT_BUNDLE_IDENTIFIER = com.xebia.XebiaAssignment;
				PRODUCT_NAME = "$(TARGET_NAME)";
				SWIFT_VERSION = 4.2;
				TARGETED_DEVICE_FAMILY = "1,2";
			};
			name = Debug;
		};
		EDB5A4CB2250C5D30057A088 /* Release */ = {
			isa = XCBuildConfiguration;
			buildSettings = {
				ALWAYS_EMBED_SWIFT_STANDARD_LIBRARIES = YES;
				ASSETCATALOG_COMPILER_APPICON_NAME = AppIcon;
				CODE_SIGN_STYLE = Automatic;
				INFOPLIST_FILE = XebiaAssignment/Info.plist;
				LD_RUNPATH_SEARCH_PATHS = (
					"$(inherited)",
					"@executable_path/Frameworks",
				);
				PRODUCT_BUNDLE_IDENTIFIER = com.xebia.XebiaAssignment;
				PRODUCT_NAME = "$(TARGET_NAME)";
				SWIFT_VERSION = 4.2;
				TARGETED_DEVICE_FAMILY = "1,2";
			};
			name = Release;
		};
		EDB5A4CD2250C5D30057A088 /* Debug */ = {
			isa = XCBuildConfiguration;
			buildSettings = {
				ALWAYS_EMBED_SWIFT_STANDARD_LIBRARIES = YES;
				BUNDLE_LOADER = "$(TEST_HOST)";
				CLANG_ENABLE_MODULES = YES;
				CODE_SIGN_STYLE = Automatic;
				INFOPLIST_FILE = XebiaAssignmentTests/Info.plist;
				LD_RUNPATH_SEARCH_PATHS = (
					"$(inherited)",
					"@executable_path/Frameworks",
					"@loader_path/Frameworks",
				);
				PRODUCT_BUNDLE_IDENTIFIER = com.xebia.XebiaAssignmentTests;
				PRODUCT_NAME = "$(TARGET_NAME)";
				SWIFT_OBJC_BRIDGING_HEADER = "XebiaAssignmentTests/View/Home/XebiaAssignmentTests-Bridging-Header.h";
				SWIFT_OPTIMIZATION_LEVEL = "-Onone";
				SWIFT_VERSION = 4.2;
				TARGETED_DEVICE_FAMILY = "1,2";
				TEST_HOST = "$(BUILT_PRODUCTS_DIR)/XebiaAssignment.app/XebiaAssignment";
			};
			name = Debug;
		};
		EDB5A4CE2250C5D30057A088 /* Release */ = {
			isa = XCBuildConfiguration;
			buildSettings = {
				ALWAYS_EMBED_SWIFT_STANDARD_LIBRARIES = YES;
				BUNDLE_LOADER = "$(TEST_HOST)";
				CLANG_ENABLE_MODULES = YES;
				CODE_SIGN_STYLE = Automatic;
				INFOPLIST_FILE = XebiaAssignmentTests/Info.plist;
				LD_RUNPATH_SEARCH_PATHS = (
					"$(inherited)",
					"@executable_path/Frameworks",
					"@loader_path/Frameworks",
				);
				PRODUCT_BUNDLE_IDENTIFIER = com.xebia.XebiaAssignmentTests;
				PRODUCT_NAME = "$(TARGET_NAME)";
				SWIFT_OBJC_BRIDGING_HEADER = "XebiaAssignmentTests/View/Home/XebiaAssignmentTests-Bridging-Header.h";
				SWIFT_VERSION = 4.2;
				TARGETED_DEVICE_FAMILY = "1,2";
				TEST_HOST = "$(BUILT_PRODUCTS_DIR)/XebiaAssignment.app/XebiaAssignment";
			};
			name = Release;
		};
		EDB5A4D02250C5D30057A088 /* Debug */ = {
			isa = XCBuildConfiguration;
			buildSettings = {
				ALWAYS_EMBED_SWIFT_STANDARD_LIBRARIES = YES;
				CODE_SIGN_STYLE = Automatic;
				INFOPLIST_FILE = XebiaAssignmentUITests/Info.plist;
				LD_RUNPATH_SEARCH_PATHS = (
					"$(inherited)",
					"@executable_path/Frameworks",
					"@loader_path/Frameworks",
				);
				PRODUCT_BUNDLE_IDENTIFIER = com.xebia.XebiaAssignmentUITests;
				PRODUCT_NAME = "$(TARGET_NAME)";
				SWIFT_VERSION = 4.2;
				TARGETED_DEVICE_FAMILY = "1,2";
				TEST_TARGET_NAME = XebiaAssignment;
			};
			name = Debug;
		};
		EDB5A4D12250C5D30057A088 /* Release */ = {
			isa = XCBuildConfiguration;
			buildSettings = {
				ALWAYS_EMBED_SWIFT_STANDARD_LIBRARIES = YES;
				CODE_SIGN_STYLE = Automatic;
				INFOPLIST_FILE = XebiaAssignmentUITests/Info.plist;
				LD_RUNPATH_SEARCH_PATHS = (
					"$(inherited)",
					"@executable_path/Frameworks",
					"@loader_path/Frameworks",
				);
				PRODUCT_BUNDLE_IDENTIFIER = com.xebia.XebiaAssignmentUITests;
				PRODUCT_NAME = "$(TARGET_NAME)";
				SWIFT_VERSION = 4.2;
				TARGETED_DEVICE_FAMILY = "1,2";
				TEST_TARGET_NAME = XebiaAssignment;
			};
			name = Release;
		};
/* End XCBuildConfiguration section */

/* Begin XCConfigurationList section */
		ED2630382251810500B1FD8F /* Build configuration list for PBXNativeTarget "PDDFramework" */ = {
			isa = XCConfigurationList;
			buildConfigurations = (
				ED2630392251810500B1FD8F /* Debug */,
				ED26303A2251810500B1FD8F /* Release */,
			);
			defaultConfigurationIsVisible = 0;
			defaultConfigurationName = Release;
		};
		EDB5A49C2250C5D10057A088 /* Build configuration list for PBXProject "XebiaAssignment" */ = {
			isa = XCConfigurationList;
			buildConfigurations = (
				EDB5A4C72250C5D30057A088 /* Debug */,
				EDB5A4C82250C5D30057A088 /* Release */,
			);
			defaultConfigurationIsVisible = 0;
			defaultConfigurationName = Release;
		};
		EDB5A4C92250C5D30057A088 /* Build configuration list for PBXNativeTarget "XebiaAssignment" */ = {
			isa = XCConfigurationList;
			buildConfigurations = (
				EDB5A4CA2250C5D30057A088 /* Debug */,
				EDB5A4CB2250C5D30057A088 /* Release */,
			);
			defaultConfigurationIsVisible = 0;
			defaultConfigurationName = Release;
		};
		EDB5A4CC2250C5D30057A088 /* Build configuration list for PBXNativeTarget "XebiaAssignmentTests" */ = {
			isa = XCConfigurationList;
			buildConfigurations = (
				EDB5A4CD2250C5D30057A088 /* Debug */,
				EDB5A4CE2250C5D30057A088 /* Release */,
			);
			defaultConfigurationIsVisible = 0;
			defaultConfigurationName = Release;
		};
		EDB5A4CF2250C5D30057A088 /* Build configuration list for PBXNativeTarget "XebiaAssignmentUITests" */ = {
			isa = XCConfigurationList;
			buildConfigurations = (
				EDB5A4D02250C5D30057A088 /* Debug */,
				EDB5A4D12250C5D30057A088 /* Release */,
			);
			defaultConfigurationIsVisible = 0;
			defaultConfigurationName = Release;
		};
/* End XCConfigurationList section */
	};
	rootObject = EDB5A4992250C5D10057A088 /* Project object */;
}
